// !$*UTF8*$!
{
	archiveVersion = 1;
	classes = {
	};
	objectVersion = 48;
	objects = {

/* Begin PBXBuildFile section */
		B50E5B6C2049D217001651EC /* AppDelegate.swift in Sources */ = {isa = PBXBuildFile; fileRef = B50E5B6B2049D217001651EC /* AppDelegate.swift */; };
		B50E5B6E2049D217001651EC /* ViewController.swift in Sources */ = {isa = PBXBuildFile; fileRef = B50E5B6D2049D217001651EC /* ViewController.swift */; };
		B50E5B712049D217001651EC /* Main.storyboard in Resources */ = {isa = PBXBuildFile; fileRef = B50E5B6F2049D217001651EC /* Main.storyboard */; };
		B50E5B732049D217001651EC /* Assets.xcassets in Resources */ = {isa = PBXBuildFile; fileRef = B50E5B722049D217001651EC /* Assets.xcassets */; };
		B50E5B762049D217001651EC /* LaunchScreen.storyboard in Resources */ = {isa = PBXBuildFile; fileRef = B50E5B742049D217001651EC /* LaunchScreen.storyboard */; };
		B50E5B7E2049D328001651EC /* GoogleService-Info.plist in Resources */ = {isa = PBXBuildFile; fileRef = B50E5B7D2049D328001651EC /* GoogleService-Info.plist */; };
		F38E2CE26FFB8D317B2347C9 /* Pods_iOSFirebaseTutorialStarter.framework in Frameworks */ = {isa = PBXBuildFile; fileRef = 49C1F4F2832CC6C7EA024F5E /* Pods_iOSFirebaseTutorialStarter.framework */; };
/* End PBXBuildFile section */

/* Begin PBXFileReference section */
		2F198D10CF1440FF1A222A8B /* Pods-iOSFirebaseTutorialStarter.debug.xcconfig */ = {isa = PBXFileReference; includeInIndex = 1; lastKnownFileType = text.xcconfig; name = "Pods-iOSFirebaseTutorialStarter.debug.xcconfig"; path = "Pods/Target Support Files/Pods-iOSFirebaseTutorialStarter/Pods-iOSFirebaseTutorialStarter.debug.xcconfig"; sourceTree = "<group>"; };
		49C1F4F2832CC6C7EA024F5E /* Pods_iOSFirebaseTutorialStarter.framework */ = {isa = PBXFileReference; explicitFileType = wrapper.framework; includeInIndex = 0; path = Pods_iOSFirebaseTutorialStarter.framework; sourceTree = BUILT_PRODUCTS_DIR; };
		788D1F84FDBC0075FF19C02B /* Pods-iOSFirebaseTutorialStarter.release.xcconfig */ = {isa = PBXFileReference; includeInIndex = 1; lastKnownFileType = text.xcconfig; name = "Pods-iOSFirebaseTutorialStarter.release.xcconfig"; path = "Pods/Target Support Files/Pods-iOSFirebaseTutorialStarter/Pods-iOSFirebaseTutorialStarter.release.xcconfig"; sourceTree = "<group>"; };
		B50E5B682049D217001651EC /* iOSFirebaseTutorialStarter.app */ = {isa = PBXFileReference; explicitFileType = wrapper.application; includeInIndex = 0; path = iOSFirebaseTutorialStarter.app; sourceTree = BUILT_PRODUCTS_DIR; };
		B50E5B6B2049D217001651EC /* AppDelegate.swift */ = {isa = PBXFileReference; lastKnownFileType = sourcecode.swift; path = AppDelegate.swift; sourceTree = "<group>"; };
		B50E5B6D2049D217001651EC /* ViewController.swift */ = {isa = PBXFileReference; lastKnownFileType = sourcecode.swift; path = ViewController.swift; sourceTree = "<group>"; };
		B50E5B702049D217001651EC /* Base */ = {isa = PBXFileReference; lastKnownFileType = file.storyboard; name = Base; path = Base.lproj/Main.storyboard; sourceTree = "<group>"; };
		B50E5B722049D217001651EC /* Assets.xcassets */ = {isa = PBXFileReference; lastKnownFileType = folder.assetcatalog; path = Assets.xcassets; sourceTree = "<group>"; };
		B50E5B752049D217001651EC /* Base */ = {isa = PBXFileReference; lastKnownFileType = file.storyboard; name = Base; path = Base.lproj/LaunchScreen.storyboard; sourceTree = "<group>"; };
		B50E5B772049D217001651EC /* Info.plist */ = {isa = PBXFileReference; lastKnownFileType = text.plist.xml; path = Info.plist; sourceTree = "<group>"; };
		B50E5B7D2049D328001651EC /* GoogleService-Info.plist */ = {isa = PBXFileReference; fileEncoding = 4; lastKnownFileType = text.plist.xml; path = "GoogleService-Info.plist"; sourceTree = "<group>"; };
/* End PBXFileReference section */

/* Begin PBXFrameworksBuildPhase section */
		B50E5B652049D217001651EC /* Frameworks */ = {
			isa = PBXFrameworksBuildPhase;
			buildActionMask = 2147483647;
			files = (
				F38E2CE26FFB8D317B2347C9 /* Pods_iOSFirebaseTutorialStarter.framework in Frameworks */,
			);
			runOnlyForDeploymentPostprocessing = 0;
		};
/* End PBXFrameworksBuildPhase section */

/* Begin PBXGroup section */
		B50E5B5F2049D217001651EC = {
			isa = PBXGroup;
			children = (
				B50E5B6A2049D217001651EC /* iOSFirebaseTutorialStarter */,
				B50E5B692049D217001651EC /* Products */,
				E8EBAE5FB42D0CD1DBB5609A /* Pods */,
				F200AB858274332C9ADEA990 /* Frameworks */,
			);
			sourceTree = "<group>";
		};
		B50E5B692049D217001651EC /* Products */ = {
			isa = PBXGroup;
			children = (
				B50E5B682049D217001651EC /* iOSFirebaseTutorialStarter.app */,
			);
			name = Products;
			sourceTree = "<group>";
		};
		B50E5B6A2049D217001651EC /* iOSFirebaseTutorialStarter */ = {
			isa = PBXGroup;
			children = (
				B50E5B7D2049D328001651EC /* GoogleService-Info.plist */,
				B50E5B6B2049D217001651EC /* AppDelegate.swift */,
				B50E5B6D2049D217001651EC /* ViewController.swift */,
				B50E5B6F2049D217001651EC /* Main.storyboard */,
				B50E5B722049D217001651EC /* Assets.xcassets */,
				B50E5B742049D217001651EC /* LaunchScreen.storyboard */,
				B50E5B772049D217001651EC /* Info.plist */,
			);
			path = iOSFirebaseTutorialStarter;
			sourceTree = "<group>";
		};
		E8EBAE5FB42D0CD1DBB5609A /* Pods */ = {
			isa = PBXGroup;
			children = (
				2F198D10CF1440FF1A222A8B /* Pods-iOSFirebaseTutorialStarter.debug.xcconfig */,
				788D1F84FDBC0075FF19C02B /* Pods-iOSFirebaseTutorialStarter.release.xcconfig */,
			);
			name = Pods;
			sourceTree = "<group>";
		};
		F200AB858274332C9ADEA990 /* Frameworks */ = {
			isa = PBXGroup;
			children = (
				49C1F4F2832CC6C7EA024F5E /* Pods_iOSFirebaseTutorialStarter.framework */,
			);
			name = Frameworks;
			sourceTree = "<group>";
		};
/* End PBXGroup section */

/* Begin PBXNativeTarget section */
		B50E5B672049D217001651EC /* iOSFirebaseTutorialStarter */ = {
			isa = PBXNativeTarget;
			buildConfigurationList = B50E5B7A2049D217001651EC /* Build configuration list for PBXNativeTarget "iOSFirebaseTutorialStarter" */;
			buildPhases = (
				9996B1749F3F913DD0572D02 /* [CP] Check Pods Manifest.lock */,
				B50E5B642049D217001651EC /* Sources */,
				B50E5B652049D217001651EC /* Frameworks */,
				B50E5B662049D217001651EC /* Resources */,
				7E294C06A60C8B85DE3E52FE /* [CP] Embed Pods Frameworks */,
				3EA041F98FD485E7B9F462F8 /* [CP] Copy Pods Resources */,
			);
			buildRules = (
			);
			dependencies = (
			);
			name = iOSFirebaseTutorialStarter;
			productName = iOSFirebaseTutorialStarter;
			productReference = B50E5B682049D217001651EC /* iOSFirebaseTutorialStarter.app */;
			productType = "com.apple.product-type.application";
		};
/* End PBXNativeTarget section */

/* Begin PBXProject section */
		B50E5B602049D217001651EC /* Project object */ = {
			isa = PBXProject;
			attributes = {
				LastSwiftUpdateCheck = 0910;
				LastUpgradeCheck = 0910;
				ORGANIZATIONNAME = "Bryan Brotonel";
				TargetAttributes = {
					B50E5B672049D217001651EC = {
						CreatedOnToolsVersion = 9.1;
						ProvisioningStyle = Automatic;
					};
				};
			};
			buildConfigurationList = B50E5B632049D217001651EC /* Build configuration list for PBXProject "iOSFirebaseTutorialStarter" */;
			compatibilityVersion = "Xcode 8.0";
			developmentRegion = en;
			hasScannedForEncodings = 0;
			knownRegions = (
				en,
				Base,
			);
			mainGroup = B50E5B5F2049D217001651EC;
			productRefGroup = B50E5B692049D217001651EC /* Products */;
			projectDirPath = "";
			projectRoot = "";
			targets = (
				B50E5B672049D217001651EC /* iOSFirebaseTutorialStarter */,
			);
		};
/* End PBXProject section */

/* Begin PBXResourcesBuildPhase section */
		B50E5B662049D217001651EC /* Resources */ = {
			isa = PBXResourcesBuildPhase;
			buildActionMask = 2147483647;
			files = (
				B50E5B762049D217001651EC /* LaunchScreen.storyboard in Resources */,
				B50E5B7E2049D328001651EC /* GoogleService-Info.plist in Resources */,
				B50E5B732049D217001651EC /* Assets.xcassets in Resources */,
				B50E5B712049D217001651EC /* Main.storyboard in Resources */,
			);
			runOnlyForDeploymentPostprocessing = 0;
		};
/* End PBXResourcesBuildPhase section */

/* Begin PBXShellScriptBuildPhase section */
		3EA041F98FD485E7B9F462F8 /* [CP] Copy Pods Resources */ = {
			isa = PBXShellScriptBuildPhase;
			buildActionMask = 2147483647;
			files = (
			);
			inputPaths = (
			);
			name = "[CP] Copy Pods Resources";
			outputPaths = (
			);
			runOnlyForDeploymentPostprocessing = 0;
			shellPath = /bin/sh;
			shellScript = "\"${SRCROOT}/Pods/Target Support Files/Pods-iOSFirebaseTutorialStarter/Pods-iOSFirebaseTutorialStarter-resources.sh\"\n";
			showEnvVarsInLog = 0;
		};
		7E294C06A60C8B85DE3E52FE /* [CP] Embed Pods Frameworks */ = {
			isa = PBXShellScriptBuildPhase;
			buildActionMask = 2147483647;
			files = (
			);
			inputPaths = (
				"${SRCROOT}/Pods/Target Support Files/Pods-iOSFirebaseTutorialStarter/Pods-iOSFirebaseTutorialStarter-frameworks.sh",
				"${BUILT_PRODUCTS_DIR}/GoogleToolboxForMac/GoogleToolboxForMac.framework",
				"${BUILT_PRODUCTS_DIR}/leveldb-library/leveldb.framework",
				"${BUILT_PRODUCTS_DIR}/nanopb/nanopb.framework",
			);
			name = "[CP] Embed Pods Frameworks";
			outputPaths = (
				"${TARGET_BUILD_DIR}/${FRAMEWORKS_FOLDER_PATH}/GoogleToolboxForMac.framework",
				"${TARGET_BUILD_DIR}/${FRAMEWORKS_FOLDER_PATH}/leveldb.framework",
				"${TARGET_BUILD_DIR}/${FRAMEWORKS_FOLDER_PATH}/nanopb.framework",
			);
			runOnlyForDeploymentPostprocessing = 0;
			shellPath = /bin/sh;
			shellScript = "\"${SRCROOT}/Pods/Target Support Files/Pods-iOSFirebaseTutorialStarter/Pods-iOSFirebaseTutorialStarter-frameworks.sh\"\n";
			showEnvVarsInLog = 0;
		};
		9996B1749F3F913DD0572D02 /* [CP] Check Pods Manifest.lock */ = {
			isa = PBXShellScriptBuildPhase;
			buildActionMask = 2147483647;
			files = (
			);
			inputPaths = (
				"${PODS_PODFILE_DIR_PATH}/Podfile.lock",
				"${PODS_ROOT}/Manifest.lock",
			);
			name = "[CP] Check Pods Manifest.lock";
			outputPaths = (
				"$(DERIVED_FILE_DIR)/Pods-iOSFirebaseTutorialStarter-checkManifestLockResult.txt",
			);
			runOnlyForDeploymentPostprocessing = 0;
			shellPath = /bin/sh;
			shellScript = "diff \"${PODS_PODFILE_DIR_PATH}/Podfile.lock\" \"${PODS_ROOT}/Manifest.lock\" > /dev/null\nif [ $? != 0 ] ; then\n    # print error to STDERR\n    echo \"error: The sandbox is not in sync with the Podfile.lock. Run 'pod install' or update your CocoaPods installation.\" >&2\n    exit 1\nfi\n# This output is used by Xcode 'outputs' to avoid re-running this script phase.\necho \"SUCCESS\" > \"${SCRIPT_OUTPUT_FILE_0}\"\n";
			showEnvVarsInLog = 0;
		};
/* End PBXShellScriptBuildPhase section */

/* Begin PBXSourcesBuildPhase section */
		B50E5B642049D217001651EC /* Sources */ = {
			isa = PBXSourcesBuildPhase;
			buildActionMask = 2147483647;
			files = (
				B50E5B6E2049D217001651EC /* ViewController.swift in Sources */,
				B50E5B6C2049D217001651EC /* AppDelegate.swift in Sources */,
			);
			runOnlyForDeploymentPostprocessing = 0;
		};
/* End PBXSourcesBuildPhase section */

/* Begin PBXVariantGroup section */
		B50E5B6F2049D217001651EC /* Main.storyboard */ = {
			isa = PBXVariantGroup;
			children = (
				B50E5B702049D217001651EC /* Base */,
			);
			name = Main.storyboard;
			sourceTree = "<group>";
		};
		B50E5B742049D217001651EC /* LaunchScreen.storyboard */ = {
			isa = PBXVariantGroup;
			children = (
				B50E5B752049D217001651EC /* Base */,
			);
			name = LaunchScreen.storyboard;
			sourceTree = "<group>";
		};
/* End PBXVariantGroup section */

/* Begin XCBuildConfiguration section */
		B50E5B782049D217001651EC /* Debug */ = {
			isa = XCBuildConfiguration;
			buildSettings = {
				ALWAYS_SEARCH_USER_PATHS = NO;
				CLANG_ANALYZER_NONNULL = YES;
				CLANG_ANALYZER_NUMBER_OBJECT_CONVERSION = YES_AGGRESSIVE;
				CLANG_CXX_LANGUAGE_STANDARD = "gnu++14";
				CLANG_CXX_LIBRARY = "libc++";
				CLANG_ENABLE_MODULES = YES;
				CLANG_ENABLE_OBJC_ARC = YES;
				CLANG_WARN_BLOCK_CAPTURE_AUTORELEASING = YES;
				CLANG_WARN_BOOL_CONVERSION = YES;
				CLANG_WARN_COMMA = YES;
				CLANG_WARN_CONSTANT_CONVERSION = YES;
				CLANG_WARN_DIRECT_OBJC_ISA_USAGE = YES_ERROR;
				CLANG_WARN_DOCUMENTATION_COMMENTS = YES;
				CLANG_WARN_EMPTY_BODY = YES;
				CLANG_WARN_ENUM_CONVERSION = YES;
				CLANG_WARN_INFINITE_RECURSION = YES;
				CLANG_WARN_INT_CONVERSION = YES;
				CLANG_WARN_NON_LITERAL_NULL_CONVERSION = YES;
				CLANG_WARN_OBJC_LITERAL_CONVERSION = YES;
				CLANG_WARN_OBJC_ROOT_CLASS = YES_ERROR;
				CLANG_WARN_RANGE_LOOP_ANALYSIS = YES;
				CLANG_WARN_STRICT_PROTOTYPES = YES;
				CLANG_WARN_SUSPICIOUS_MOVE = YES;
				CLANG_WARN_UNGUARDED_AVAILABILITY = YES_AGGRESSIVE;
				CLANG_WARN_UNREACHABLE_CODE = YES;
				CLANG_WARN__DUPLICATE_METHOD_MATCH = YES;
				CODE_SIGN_IDENTITY = "iPhone Developer";
				COPY_PHASE_STRIP = NO;
				DEBUG_INFORMATION_FORMAT = dwarf;
				ENABLE_STRICT_OBJC_MSGSEND = YES;
				ENABLE_TESTABILITY = YES;
				GCC_C_LANGUAGE_STANDARD = gnu11;
				GCC_DYNAMIC_NO_PIC = NO;
				GCC_NO_COMMON_BLOCKS = YES;
				GCC_OPTIMIZATION_LEVEL = 0;
				GCC_PREPROCESSOR_DEFINITIONS = (
					"DEBUG=1",
					"$(inherited)",
				);
				GCC_WARN_64_TO_32_BIT_CONVERSION = YES;
				GCC_WARN_ABOUT_RETURN_TYPE = YES_ERROR;
				GCC_WARN_UNDECLARED_SELECTOR = YES;
				GCC_WARN_UNINITIALIZED_AUTOS = YES_AGGRESSIVE;
				GCC_WARN_UNUSED_FUNCTION = YES;
				GCC_WARN_UNUSED_VARIABLE = YES;
				IPHONEOS_DEPLOYMENT_TARGET = 11.1;
				MTL_ENABLE_DEBUG_INFO = YES;
				ONLY_ACTIVE_ARCH = YES;
				SDKROOT = iphoneos;
				SWIFT_ACTIVE_COMPILATION_CONDITIONS = DEBUG;
				SWIFT_OPTIMIZATION_LEVEL = "-Onone";
			};
			name = Debug;
		};
		B50E5B792049D217001651EC /* Release */ = {
			isa = XCBuildConfiguration;
			buildSettings = {
				ALWAYS_SEARCH_USER_PATHS = NO;
				CLANG_ANALYZER_NONNULL = YES;
				CLANG_ANALYZER_NUMBER_OBJECT_CONVERSION = YES_AGGRESSIVE;
				CLANG_CXX_LANGUAGE_STANDARD = "gnu++14";
				CLANG_CXX_LIBRARY = "libc++";
				CLANG_ENABLE_MODULES = YES;
				CLANG_ENABLE_OBJC_ARC = YES;
				CLANG_WARN_BLOCK_CAPTURE_AUTORELEASING = YES;
				CLANG_WARN_BOOL_CONVERSION = YES;
				CLANG_WARN_COMMA = YES;
				CLANG_WARN_CONSTANT_CONVERSION = YES;
				CLANG_WARN_DIRECT_OBJC_ISA_USAGE = YES_ERROR;
				CLANG_WARN_DOCUMENTATION_COMMENTS = YES;
				CLANG_WARN_EMPTY_BODY = YES;
				CLANG_WARN_ENUM_CONVERSION = YES;
				CLANG_WARN_INFINITE_RECURSION = YES;
				CLANG_WARN_INT_CONVERSION = YES;
				CLANG_WARN_NON_LITERAL_NULL_CONVERSION = YES;
				CLANG_WARN_OBJC_LITERAL_CONVERSION = YES;
				CLANG_WARN_OBJC_ROOT_CLASS = YES_ERROR;
				CLANG_WARN_RANGE_LOOP_ANALYSIS = YES;
				CLANG_WARN_STRICT_PROTOTYPES = YES;
				CLANG_WARN_SUSPICIOUS_MOVE = YES;
				CLANG_WARN_UNGUARDED_AVAILABILITY = YES_AGGRESSIVE;
				CLANG_WARN_UNREACHABLE_CODE = YES;
				CLANG_WARN__DUPLICATE_METHOD_MATCH = YES;
				CODE_SIGN_IDENTITY = "iPhone Developer";
				COPY_PHASE_STRIP = NO;
				DEBUG_INFORMATION_FORMAT = "dwarf-with-dsym";
				ENABLE_NS_ASSERTIONS = NO;
				ENABLE_STRICT_OBJC_MSGSEND = YES;
				GCC_C_LANGUAGE_STANDARD = gnu11;
				GCC_NO_COMMON_BLOCKS = YES;
				GCC_WARN_64_TO_32_BIT_CONVERSION = YES;
				GCC_WARN_ABOUT_RETURN_TYPE = YES_ERROR;
				GCC_WARN_UNDECLARED_SELECTOR = YES;
				GCC_WARN_UNINITIALIZED_AUTOS = YES_AGGRESSIVE;
				GCC_WARN_UNUSED_FUNCTION = YES;
				GCC_WARN_UNUSED_VARIABLE = YES;
				IPHONEOS_DEPLOYMENT_TARGET = 11.1;
				MTL_ENABLE_DEBUG_INFO = NO;
				SDKROOT = iphoneos;
				SWIFT_OPTIMIZATION_LEVEL = "-Owholemodule";
				VALIDATE_PRODUCT = YES;
			};
			name = Release;
		};
		B50E5B7B2049D217001651EC /* Debug */ = {
			isa = XCBuildConfiguration;
			baseConfigurationReference = 2F198D10CF1440FF1A222A8B /* Pods-iOSFirebaseTutorialStarter.debug.xcconfig */;
			buildSettings = {
				ASSETCATALOG_COMPILER_APPICON_NAME = AppIcon;
				CODE_SIGN_STYLE = Automatic;
				INFOPLIST_FILE = iOSFirebaseTutorialStarter/Info.plist;
				LD_RUNPATH_SEARCH_PATHS = "$(inherited) @executable_path/Frameworks";
				PRODUCT_BUNDLE_IDENTIFIER = bryan.brotonel.iOSFirebaseTutorialStarter;
				PRODUCT_NAME = "$(TARGET_NAME)";
				SWIFT_VERSION = 4.0;
				TARGETED_DEVICE_FAMILY = "1,2";
			};
			name = Debug;
		};
		B50E5B7C2049D217001651EC /* Release */ = {
			isa = XCBuildConfiguration;
			baseConfigurationReference = 788D1F84FDBC0075FF19C02B /* Pods-iOSFirebaseTutorialStarter.release.xcconfig */;
			buildSettings = {
				ASSETCATALOG_COMPILER_APPICON_NAME = AppIcon;
				CODE_SIGN_STYLE = Automatic;
				INFOPLIST_FILE = iOSFirebaseTutorialStarter/Info.plist;
				LD_RUNPATH_SEARCH_PATHS = "$(inherited) @executable_path/Frameworks";
				PRODUCT_BUNDLE_IDENTIFIER = bryan.brotonel.iOSFirebaseTutorialStarter;
				PRODUCT_NAME = "$(TARGET_NAME)";
				SWIFT_VERSION = 4.0;
				TARGETED_DEVICE_FAMILY = "1,2";
			};
			name = Release;
		};
/* End XCBuildConfiguration section */

/* Begin XCConfigurationList section */
		B50E5B632049D217001651EC /* Build configuration list for PBXProject "iOSFirebaseTutorialStarter" */ = {
			isa = XCConfigurationList;
			buildConfigurations = (
				B50E5B782049D217001651EC /* Debug */,
				B50E5B792049D217001651EC /* Release */,
			);
			defaultConfigurationIsVisible = 0;
			defaultConfigurationName = Release;
		};
		B50E5B7A2049D217001651EC /* Build configuration list for PBXNativeTarget "iOSFirebaseTutorialStarter" */ = {
			isa = XCConfigurationList;
			buildConfigurations = (
				B50E5B7B2049D217001651EC /* Debug */,
				B50E5B7C2049D217001651EC /* Release */,
			);
			defaultConfigurationIsVisible = 0;
			defaultConfigurationName = Release;
		};
/* End XCConfigurationList section */
	};
	rootObject = B50E5B602049D217001651EC /* Project object */;
}
